
Microsoft Visual Studio Solution File, Format Version 12.00
# Visual Studio Version 16
VisualStudioVersion = 16.0.31112.23
MinimumVisualStudioVersion = 10.0.40219.1
Project("{8BC9CEB8-8B4A-11D0-8D11-00A0C91BC942}") = "Insertion Sort", "Insertion Sort.vcxproj", "{77B4D430-0D73-4E7D-9A98-B8097236542E}"
EndProject
Global
	GlobalSection(SolutionConfigurationPlatforms) = preSolution
		Debug|x64 = Debug|x64
		Debug|x86 = Debug|x86
		Release|x64 = Release|x64
		Release|x86 = Release|x86
	EndGlobalSection
	GlobalSection(ProjectConfigurationPlatforms) = postSolution
		{77B4D430-0D73-4E7D-9A98-B8097236542E}.Debug|x64.ActiveCfg = Debug|x64
		{77B4D430-0D73-4E7D-9A98-B8097236542E}.Debug|x64.Build.0 = Debug|x64
		{77B4D430-0D73-4E7D-9A98-B8097236542E}.Debug|x86.ActiveCfg = Debug|Win32
		{77B4D430-0D73-4E7D-9A98-B8097236542E}.Debug|x86.Build.0 = Debug|Win32
		{77B4D430-0D73-4E7D-9A98-B8097236542E}.Release|x64.ActiveCfg = Release|x64
		{77B4D430-0D73-4E7D-9A98-B8097236542E}.Release|x64.Build.0 = Release|x64
		{77B4D430-0D73-4E7D-9A98-B8097236542E}.Release|x86.ActiveCfg = Release|Win32
		{77B4D430-0D73-4E7D-9A98-B8097236542E}.Release|x86.Build.0 = Release|Win32
	EndGlobalSection
	GlobalSection(SolutionProperties) = preSolution
		HideSolutionNode = FALSE
	EndGlobalSection
	GlobalSection(ExtensibilityGlobals) = postSolution
		SolutionGuid = {58F16CC4-9C58-4730-8559-2BB0F4B4ED1F}
	EndGlobalSection
EndGlobal
